// !$*UTF8*$!
{
	archiveVersion = 1;
	classes = {
	};
	objectVersion = 50;
	objects = {

/* Begin PBXBuildFile section */
		563651EF24827E570085E66D /* AppDelegate.m in Sources */ = {isa = PBXBuildFile; fileRef = 563651EE24827E570085E66D /* AppDelegate.m */; };
		563651F224827E570085E66D /* SceneDelegate.m in Sources */ = {isa = PBXBuildFile; fileRef = 563651F124827E570085E66D /* SceneDelegate.m */; };
		563651F524827E570085E66D /* ViewController.m in Sources */ = {isa = PBXBuildFile; fileRef = 563651F424827E570085E66D /* ViewController.m */; };
		563651F824827E570085E66D /* Main.storyboard in Resources */ = {isa = PBXBuildFile; fileRef = 563651F624827E570085E66D /* Main.storyboard */; };
		563651FA24827E580085E66D /* Assets.xcassets in Resources */ = {isa = PBXBuildFile; fileRef = 563651F924827E580085E66D /* Assets.xcassets */; };
		563651FD24827E580085E66D /* LaunchScreen.storyboard in Resources */ = {isa = PBXBuildFile; fileRef = 563651FB24827E580085E66D /* LaunchScreen.storyboard */; };
		5636520024827E580085E66D /* main.m in Sources */ = {isa = PBXBuildFile; fileRef = 563651FF24827E580085E66D /* main.m */; };
		5636520A24827E590085E66D /* ChatAppTests.m in Sources */ = {isa = PBXBuildFile; fileRef = 5636520924827E590085E66D /* ChatAppTests.m */; };
		5636521524827E590085E66D /* ChatAppUITests.m in Sources */ = {isa = PBXBuildFile; fileRef = 5636521424827E590085E66D /* ChatAppUITests.m */; };
		563652242482ACB60085E66D /* TableViewCell.m in Sources */ = {isa = PBXBuildFile; fileRef = 563652232482ACB60085E66D /* TableViewCell.m */; };
/* End PBXBuildFile section */

/* Begin PBXContainerItemProxy section */
		5636520624827E590085E66D /* PBXContainerItemProxy */ = {
			isa = PBXContainerItemProxy;
			containerPortal = 563651E224827E570085E66D /* Project object */;
			proxyType = 1;
			remoteGlobalIDString = 563651E924827E570085E66D;
			remoteInfo = ChatApp;
		};
		5636521124827E590085E66D /* PBXContainerItemProxy */ = {
			isa = PBXContainerItemProxy;
			containerPortal = 563651E224827E570085E66D /* Project object */;
			proxyType = 1;
			remoteGlobalIDString = 563651E924827E570085E66D;
			remoteInfo = ChatApp;
		};
/* End PBXContainerItemProxy section */

/* Begin PBXFileReference section */
		563651EA24827E570085E66D /* ChatApp.app */ = {isa = PBXFileReference; explicitFileType = wrapper.application; includeInIndex = 0; path = ChatApp.app; sourceTree = BUILT_PRODUCTS_DIR; };
		563651ED24827E570085E66D /* AppDelegate.h */ = {isa = PBXFileReference; lastKnownFileType = sourcecode.c.h; path = AppDelegate.h; sourceTree = "<group>"; };
		563651EE24827E570085E66D /* AppDelegate.m */ = {isa = PBXFileReference; lastKnownFileType = sourcecode.c.objc; path = AppDelegate.m; sourceTree = "<group>"; };
		563651F024827E570085E66D /* SceneDelegate.h */ = {isa = PBXFileReference; lastKnownFileType = sourcecode.c.h; path = SceneDelegate.h; sourceTree = "<group>"; };
		563651F124827E570085E66D /* SceneDelegate.m */ = {isa = PBXFileReference; lastKnownFileType = sourcecode.c.objc; path = SceneDelegate.m; sourceTree = "<group>"; };
		563651F324827E570085E66D /* ViewController.h */ = {isa = PBXFileReference; lastKnownFileType = sourcecode.c.h; path = ViewController.h; sourceTree = "<group>"; };
		563651F424827E570085E66D /* ViewController.m */ = {isa = PBXFileReference; lastKnownFileType = sourcecode.c.objc; path = ViewController.m; sourceTree = "<group>"; };
		563651F724827E570085E66D /* Base */ = {isa = PBXFileReference; lastKnownFileType = file.storyboard; name = Base; path = Base.lproj/Main.storyboard; sourceTree = "<group>"; };
		563651F924827E580085E66D /* Assets.xcassets */ = {isa = PBXFileReference; lastKnownFileType = folder.assetcatalog; path = Assets.xcassets; sourceTree = "<group>"; };
		563651FC24827E580085E66D /* Base */ = {isa = PBXFileReference; lastKnownFileType = file.storyboard; name = Base; path = Base.lproj/LaunchScreen.storyboard; sourceTree = "<group>"; };
		563651FE24827E580085E66D /* Info.plist */ = {isa = PBXFileReference; lastKnownFileType = text.plist.xml; path = Info.plist; sourceTree = "<group>"; };
		563651FF24827E580085E66D /* main.m */ = {isa = PBXFileReference; lastKnownFileType = sourcecode.c.objc; path = main.m; sourceTree = "<group>"; };
		5636520524827E590085E66D /* ChatAppTests.xctest */ = {isa = PBXFileReference; explicitFileType = wrapper.cfbundle; includeInIndex = 0; path = ChatAppTests.xctest; sourceTree = BUILT_PRODUCTS_DIR; };
		5636520924827E590085E66D /* ChatAppTests.m */ = {isa = PBXFileReference; lastKnownFileType = sourcecode.c.objc; path = ChatAppTests.m; sourceTree = "<group>"; };
		5636520B24827E590085E66D /* Info.plist */ = {isa = PBXFileReference; lastKnownFileType = text.plist.xml; path = Info.plist; sourceTree = "<group>"; };
		5636521024827E590085E66D /* ChatAppUITests.xctest */ = {isa = PBXFileReference; explicitFileType = wrapper.cfbundle; includeInIndex = 0; path = ChatAppUITests.xctest; sourceTree = BUILT_PRODUCTS_DIR; };
		5636521424827E590085E66D /* ChatAppUITests.m */ = {isa = PBXFileReference; lastKnownFileType = sourcecode.c.objc; path = ChatAppUITests.m; sourceTree = "<group>"; };
		5636521624827E590085E66D /* Info.plist */ = {isa = PBXFileReference; lastKnownFileType = text.plist.xml; path = Info.plist; sourceTree = "<group>"; };
		563652222482ACB60085E66D /* TableViewCell.h */ = {isa = PBXFileReference; lastKnownFileType = sourcecode.c.h; path = TableViewCell.h; sourceTree = "<group>"; };
		563652232482ACB60085E66D /* TableViewCell.m */ = {isa = PBXFileReference; lastKnownFileType = sourcecode.c.objc; path = TableViewCell.m; sourceTree = "<group>"; };
/* End PBXFileReference section */

/* Begin PBXFrameworksBuildPhase section */
		563651E724827E570085E66D /* Frameworks */ = {
			isa = PBXFrameworksBuildPhase;
			buildActionMask = 2147483647;
			files = (
			);
			runOnlyForDeploymentPostprocessing = 0;
		};
		5636520224827E590085E66D /* Frameworks */ = {
			isa = PBXFrameworksBuildPhase;
			buildActionMask = 2147483647;
			files = (
			);
			runOnlyForDeploymentPostprocessing = 0;
		};
		5636520D24827E590085E66D /* Frameworks */ = {
			isa = PBXFrameworksBuildPhase;
			buildActionMask = 2147483647;
			files = (
			);
			runOnlyForDeploymentPostprocessing = 0;
		};
/* End PBXFrameworksBuildPhase section */

/* Begin PBXGroup section */
		563651E124827E570085E66D = {
			isa = PBXGroup;
			children = (
				563651EC24827E570085E66D /* ChatApp */,
				5636520824827E590085E66D /* ChatAppTests */,
				5636521324827E590085E66D /* ChatAppUITests */,
				563651EB24827E570085E66D /* Products */,
			);
			sourceTree = "<group>";
		};
		563651EB24827E570085E66D /* Products */ = {
			isa = PBXGroup;
			children = (
				563651EA24827E570085E66D /* ChatApp.app */,
				5636520524827E590085E66D /* ChatAppTests.xctest */,
				5636521024827E590085E66D /* ChatAppUITests.xctest */,
			);
			name = Products;
			sourceTree = "<group>";
		};
		563651EC24827E570085E66D /* ChatApp */ = {
			isa = PBXGroup;
			children = (
				563651ED24827E570085E66D /* AppDelegate.h */,
				563651EE24827E570085E66D /* AppDelegate.m */,
				563651F024827E570085E66D /* SceneDelegate.h */,
				563651F124827E570085E66D /* SceneDelegate.m */,
				563651F324827E570085E66D /* ViewController.h */,
				563651F424827E570085E66D /* ViewController.m */,
				563652222482ACB60085E66D /* TableViewCell.h */,
				563652232482ACB60085E66D /* TableViewCell.m */,
				563651F624827E570085E66D /* Main.storyboard */,
				563651F924827E580085E66D /* Assets.xcassets */,
				563651FB24827E580085E66D /* LaunchScreen.storyboard */,
				563651FE24827E580085E66D /* Info.plist */,
				563651FF24827E580085E66D /* main.m */,
			);
			path = ChatApp;
			sourceTree = "<group>";
		};
		5636520824827E590085E66D /* ChatAppTests */ = {
			isa = PBXGroup;
			children = (
				5636520924827E590085E66D /* ChatAppTests.m */,
				5636520B24827E590085E66D /* Info.plist */,
			);
			path = ChatAppTests;
			sourceTree = "<group>";
		};
		5636521324827E590085E66D /* ChatAppUITests */ = {
			isa = PBXGroup;
			children = (
				5636521424827E590085E66D /* ChatAppUITests.m */,
				5636521624827E590085E66D /* Info.plist */,
			);
			path = ChatAppUITests;
			sourceTree = "<group>";
		};
/* End PBXGroup section */

/* Begin PBXNativeTarget section */
		563651E924827E570085E66D /* ChatApp */ = {
			isa = PBXNativeTarget;
			buildConfigurationList = 5636521924827E590085E66D /* Build configuration list for PBXNativeTarget "ChatApp" */;
			buildPhases = (
				563651E624827E570085E66D /* Sources */,
				563651E724827E570085E66D /* Frameworks */,
				563651E824827E570085E66D /* Resources */,
			);
			buildRules = (
			);
			dependencies = (
			);
			name = ChatApp;
			productName = ChatApp;
			productReference = 563651EA24827E570085E66D /* ChatApp.app */;
			productType = "com.apple.product-type.application";
		};
		5636520424827E590085E66D /* ChatAppTests */ = {
			isa = PBXNativeTarget;
			buildConfigurationList = 5636521C24827E590085E66D /* Build configuration list for PBXNativeTarget "ChatAppTests" */;
			buildPhases = (
				5636520124827E590085E66D /* Sources */,
				5636520224827E590085E66D /* Frameworks */,
				5636520324827E590085E66D /* Resources */,
			);
			buildRules = (
			);
			dependencies = (
				5636520724827E590085E66D /* PBXTargetDependency */,
			);
			name = ChatAppTests;
			productName = ChatAppTests;
			productReference = 5636520524827E590085E66D /* ChatAppTests.xctest */;
			productType = "com.apple.product-type.bundle.unit-test";
		};
		5636520F24827E590085E66D /* ChatAppUITests */ = {
			isa = PBXNativeTarget;
			buildConfigurationList = 5636521F24827E590085E66D /* Build configuration list for PBXNativeTarget "ChatAppUITests" */;
			buildPhases = (
				5636520C24827E590085E66D /* Sources */,
				5636520D24827E590085E66D /* Frameworks */,
				5636520E24827E590085E66D /* Resources */,
			);
			buildRules = (
			);
			dependencies = (
				5636521224827E590085E66D /* PBXTargetDependency */,
			);
			name = ChatAppUITests;
			productName = ChatAppUITests;
			productReference = 5636521024827E590085E66D /* ChatAppUITests.xctest */;
			productType = "com.apple.product-type.bundle.ui-testing";
		};
/* End PBXNativeTarget section */

/* Begin PBXProject section */
		563651E224827E570085E66D /* Project object */ = {
			isa = PBXProject;
			attributes = {
				LastUpgradeCheck = 1130;
				ORGANIZATIONNAME = Sanmugapriya;
				TargetAttributes = {
					563651E924827E570085E66D = {
						CreatedOnToolsVersion = 11.3.1;
					};
					5636520424827E590085E66D = {
						CreatedOnToolsVersion = 11.3.1;
						TestTargetID = 563651E924827E570085E66D;
					};
					5636520F24827E590085E66D = {
						CreatedOnToolsVersion = 11.3.1;
						TestTargetID = 563651E924827E570085E66D;
					};
				};
			};
			buildConfigurationList = 563651E524827E570085E66D /* Build configuration list for PBXProject "ChatApp" */;
			compatibilityVersion = "Xcode 9.3";
			developmentRegion = en;
			hasScannedForEncodings = 0;
			knownRegions = (
				en,
				Base,
			);
			mainGroup = 563651E124827E570085E66D;
			productRefGroup = 563651EB24827E570085E66D /* Products */;
			projectDirPath = "";
			projectRoot = "";
			targets = (
				563651E924827E570085E66D /* ChatApp */,
				5636520424827E590085E66D /* ChatAppTests */,
				5636520F24827E590085E66D /* ChatAppUITests */,
			);
		};
/* End PBXProject section */

/* Begin PBXResourcesBuildPhase section */
		563651E824827E570085E66D /* Resources */ = {
			isa = PBXResourcesBuildPhase;
			buildActionMask = 2147483647;
			files = (
				563651FD24827E580085E66D /* LaunchScreen.storyboard in Resources */,
				563651FA24827E580085E66D /* Assets.xcassets in Resources */,
				563651F824827E570085E66D /* Main.storyboard in Resources */,
			);
			runOnlyForDeploymentPostprocessing = 0;
		};
		5636520324827E590085E66D /* Resources */ = {
			isa = PBXResourcesBuildPhase;
			buildActionMask = 2147483647;
			files = (
			);
			runOnlyForDeploymentPostprocessing = 0;
		};
		5636520E24827E590085E66D /* Resources */ = {
			isa = PBXResourcesBuildPhase;
			buildActionMask = 2147483647;
			files = (
			);
			runOnlyForDeploymentPostprocessing = 0;
		};
/* End PBXResourcesBuildPhase section */

/* Begin PBXSourcesBuildPhase section */
		563651E624827E570085E66D /* Sources */ = {
			isa = PBXSourcesBuildPhase;
			buildActionMask = 2147483647;
			files = (
				563651F524827E570085E66D /* ViewController.m in Sources */,
				563651EF24827E570085E66D /* AppDelegate.m in Sources */,
				5636520024827E580085E66D /* main.m in Sources */,
				563652242482ACB60085E66D /* TableViewCell.m in Sources */,
				563651F224827E570085E66D /* SceneDelegate.m in Sources */,
			);
			runOnlyForDeploymentPostprocessing = 0;
		};
		5636520124827E590085E66D /* Sources */ = {
			isa = PBXSourcesBuildPhase;
			buildActionMask = 2147483647;
			files = (
				5636520A24827E590085E66D /* ChatAppTests.m in Sources */,
			);
			runOnlyForDeploymentPostprocessing = 0;
		};
		5636520C24827E590085E66D /* Sources */ = {
			isa = PBXSourcesBuildPhase;
			buildActionMask = 2147483647;
			files = (
				5636521524827E590085E66D /* ChatAppUITests.m in Sources */,
			);
			runOnlyForDeploymentPostprocessing = 0;
		};
/* End PBXSourcesBuildPhase section */

/* Begin PBXTargetDependency section */
		5636520724827E590085E66D /* PBXTargetDependency */ = {
			isa = PBXTargetDependency;
			target = 563651E924827E570085E66D /* ChatApp */;
			targetProxy = 5636520624827E590085E66D /* PBXContainerItemProxy */;
		};
		5636521224827E590085E66D /* PBXTargetDependency */ = {
			isa = PBXTargetDependency;
			target = 563651E924827E570085E66D /* ChatApp */;
			targetProxy = 5636521124827E590085E66D /* PBXContainerItemProxy */;
		};
/* End PBXTargetDependency section */

/* Begin PBXVariantGroup section */
		563651F624827E570085E66D /* Main.storyboard */ = {
			isa = PBXVariantGroup;
			children = (
				563651F724827E570085E66D /* Base */,
			);
			name = Main.storyboard;
			sourceTree = "<group>";
		};
		563651FB24827E580085E66D /* LaunchScreen.storyboard */ = {
			isa = PBXVariantGroup;
			children = (
				563651FC24827E580085E66D /* Base */,
			);
			name = LaunchScreen.storyboard;
			sourceTree = "<group>";
		};
/* End PBXVariantGroup section */

/* Begin XCBuildConfiguration section */
		5636521724827E590085E66D /* Debug */ = {
			isa = XCBuildConfiguration;
			buildSettings = {
				ALWAYS_SEARCH_USER_PATHS = NO;
				CLANG_ANALYZER_NONNULL = YES;
				CLANG_ANALYZER_NUMBER_OBJECT_CONVERSION = YES_AGGRESSIVE;
				CLANG_CXX_LANGUAGE_STANDARD = "gnu++14";
				CLANG_CXX_LIBRARY = "libc++";
				CLANG_ENABLE_MODULES = YES;
				CLANG_ENABLE_OBJC_ARC = YES;
				CLANG_ENABLE_OBJC_WEAK = YES;
				CLANG_WARN_BLOCK_CAPTURE_AUTORELEASING = YES;
				CLANG_WARN_BOOL_CONVERSION = YES;
				CLANG_WARN_COMMA = YES;
				CLANG_WARN_CONSTANT_CONVERSION = YES;
				CLANG_WARN_DEPRECATED_OBJC_IMPLEMENTATIONS = YES;
				CLANG_WARN_DIRECT_OBJC_ISA_USAGE = YES_ERROR;
				CLANG_WARN_DOCUMENTATION_COMMENTS = YES;
				CLANG_WARN_EMPTY_BODY = YES;
				CLANG_WARN_ENUM_CONVERSION = YES;
				CLANG_WARN_INFINITE_RECURSION = YES;
				CLANG_WARN_INT_CONVERSION = YES;
				CLANG_WARN_NON_LITERAL_NULL_CONVERSION = YES;
				CLANG_WARN_OBJC_IMPLICIT_RETAIN_SELF = YES;
				CLANG_WARN_OBJC_LITERAL_CONVERSION = YES;
				CLANG_WARN_OBJC_ROOT_CLASS = YES_ERROR;
				CLANG_WARN_RANGE_LOOP_ANALYSIS = YES;
				CLANG_WARN_STRICT_PROTOTYPES = YES;
				CLANG_WARN_SUSPICIOUS_MOVE = YES;
				CLANG_WARN_UNGUARDED_AVAILABILITY = YES_AGGRESSIVE;
				CLANG_WARN_UNREACHABLE_CODE = YES;
				CLANG_WARN__DUPLICATE_METHOD_MATCH = YES;
				COPY_PHASE_STRIP = NO;
				DEBUG_INFORMATION_FORMAT = dwarf;
				ENABLE_STRICT_OBJC_MSGSEND = YES;
				ENABLE_TESTABILITY = YES;
				GCC_C_LANGUAGE_STANDARD = gnu11;
				GCC_DYNAMIC_NO_PIC = NO;
				GCC_NO_COMMON_BLOCKS = YES;
				GCC_OPTIMIZATION_LEVEL = 0;
				GCC_PREPROCESSOR_DEFINITIONS = (
					"DEBUG=1",
					"$(inherited)",
				);
				GCC_WARN_64_TO_32_BIT_CONVERSION = YES;
				GCC_WARN_ABOUT_RETURN_TYPE = YES_ERROR;
				GCC_WARN_UNDECLARED_SELECTOR = YES;
				GCC_WARN_UNINITIALIZED_AUTOS = YES_AGGRESSIVE;
				GCC_WARN_UNUSED_FUNCTION = YES;
				GCC_WARN_UNUSED_VARIABLE = YES;
				IPHONEOS_DEPLOYMENT_TARGET = 13.2;
				MTL_ENABLE_DEBUG_INFO = INCLUDE_SOURCE;
				MTL_FAST_MATH = YES;
				ONLY_ACTIVE_ARCH = YES;
				SDKROOT = iphoneos;
			};
			name = Debug;
		};
		5636521824827E590085E66D /* Release */ = {
			isa = XCBuildConfiguration;
			buildSettings = {
				ALWAYS_SEARCH_USER_PATHS = NO;
				CLANG_ANALYZER_NONNULL = YES;
				CLANG_ANALYZER_NUMBER_OBJECT_CONVERSION = YES_AGGRESSIVE;
				CLANG_CXX_LANGUAGE_STANDARD = "gnu++14";
				CLANG_CXX_LIBRARY = "libc++";
				CLANG_ENABLE_MODULES = YES;
				CLANG_ENABLE_OBJC_ARC = YES;
				CLANG_ENABLE_OBJC_WEAK = YES;
				CLANG_WARN_BLOCK_CAPTURE_AUTORELEASING = YES;
				CLANG_WARN_BOOL_CONVERSION = YES;
				CLANG_WARN_COMMA = YES;
				CLANG_WARN_CONSTANT_CONVERSION = YES;
				CLANG_WARN_DEPRECATED_OBJC_IMPLEMENTATIONS = YES;
				CLANG_WARN_DIRECT_OBJC_ISA_USAGE = YES_ERROR;
				CLANG_WARN_DOCUMENTATION_COMMENTS = YES;
				CLANG_WARN_EMPTY_BODY = YES;
				CLANG_WARN_ENUM_CONVERSION = YES;
				CLANG_WARN_INFINITE_RECURSION = YES;
				CLANG_WARN_INT_CONVERSION = YES;
				CLANG_WARN_NON_LITERAL_NULL_CONVERSION = YES;
				CLANG_WARN_OBJC_IMPLICIT_RETAIN_SELF = YES;
				CLANG_WARN_OBJC_LITERAL_CONVERSION = YES;
				CLANG_WARN_OBJC_ROOT_CLASS = YES_ERROR;
				CLANG_WARN_RANGE_LOOP_ANALYSIS = YES;
				CLANG_WARN_STRICT_PROTOTYPES = YES;
				CLANG_WARN_SUSPICIOUS_MOVE = YES;
				CLANG_WARN_UNGUARDED_AVAILABILITY = YES_AGGRESSIVE;
				CLANG_WARN_UNREACHABLE_CODE = YES;
				CLANG_WARN__DUPLICATE_METHOD_MATCH = YES;
				COPY_PHASE_STRIP = NO;
				DEBUG_INFORMATION_FORMAT = "dwarf-with-dsym";
				ENABLE_NS_ASSERTIONS = NO;
				ENABLE_STRICT_OBJC_MSGSEND = YES;
				GCC_C_LANGUAGE_STANDARD = gnu11;
				GCC_NO_COMMON_BLOCKS = YES;
				GCC_WARN_64_TO_32_BIT_CONVERSION = YES;
				GCC_WARN_ABOUT_RETURN_TYPE = YES_ERROR;
				GCC_WARN_UNDECLARED_SELECTOR = YES;
				GCC_WARN_UNINITIALIZED_AUTOS = YES_AGGRESSIVE;
				GCC_WARN_UNUSED_FUNCTION = YES;
				GCC_WARN_UNUSED_VARIABLE = YES;
				IPHONEOS_DEPLOYMENT_TARGET = 13.2;
				MTL_ENABLE_DEBUG_INFO = NO;
				MTL_FAST_MATH = YES;
				SDKROOT = iphoneos;
				VALIDATE_PRODUCT = YES;
			};
			name = Release;
		};
		5636521A24827E590085E66D /* Debug */ = {
			isa = XCBuildConfiguration;
			buildSettings = {
				ASSETCATALOG_COMPILER_APPICON_NAME = AppIcon;
				CODE_SIGN_STYLE = Automatic;
				INFOPLIST_FILE = ChatApp/Info.plist;
				LD_RUNPATH_SEARCH_PATHS = (
					"$(inherited)",
					"@executable_path/Frameworks",
				);
				PRODUCT_BUNDLE_IDENTIFIER = com.firstapp.ChatApp;
				PRODUCT_NAME = "$(TARGET_NAME)";
				TARGETED_DEVICE_FAMILY = "1,2";
			};
			name = Debug;
		};
		5636521B24827E590085E66D /* Release */ = {
			isa = XCBuildConfiguration;
			buildSettings = {
				ASSETCATALOG_COMPILER_APPICON_NAME = AppIcon;
				CODE_SIGN_STYLE = Automatic;
				INFOPLIST_FILE = ChatApp/Info.plist;
				LD_RUNPATH_SEARCH_PATHS = (
					"$(inherited)",
					"@executable_path/Frameworks",
				);
				PRODUCT_BUNDLE_IDENTIFIER = com.firstapp.ChatApp;
				PRODUCT_NAME = "$(TARGET_NAME)";
				TARGETED_DEVICE_FAMILY = "1,2";
			};
			name = Release;
		};
		5636521D24827E590085E66D /* Debug */ = {
			isa = XCBuildConfiguration;
			buildSettings = {
				BUNDLE_LOADER = "$(TEST_HOST)";
				CODE_SIGN_STYLE = Automatic;
				INFOPLIST_FILE = ChatAppTests/Info.plist;
				IPHONEOS_DEPLOYMENT_TARGET = 13.2;
				LD_RUNPATH_SEARCH_PATHS = (
					"$(inherited)",
					"@executable_path/Frameworks",
					"@loader_path/Frameworks",
				);
				PRODUCT_BUNDLE_IDENTIFIER = com.firstapp.ChatAppTests;
				PRODUCT_NAME = "$(TARGET_NAME)";
				TARGETED_DEVICE_FAMILY = "1,2";
				TEST_HOST = "$(BUILT_PRODUCTS_DIR)/ChatApp.app/ChatApp";
			};
			name = Debug;
		};
		5636521E24827E590085E66D /* Release */ = {
			isa = XCBuildConfiguration;
			buildSettings = {
				BUNDLE_LOADER = "$(TEST_HOST)";
				CODE_SIGN_STYLE = Automatic;
				INFOPLIST_FILE = ChatAppTests/Info.plist;
				IPHONEOS_DEPLOYMENT_TARGET = 13.2;
				LD_RUNPATH_SEARCH_PATHS = (
					"$(inherited)",
					"@executable_path/Frameworks",
					"@loader_path/Frameworks",
				);
				PRODUCT_BUNDLE_IDENTIFIER = com.firstapp.ChatAppTests;
				PRODUCT_NAME = "$(TARGET_NAME)";
				TARGETED_DEVICE_FAMILY = "1,2";
				TEST_HOST = "$(BUILT_PRODUCTS_DIR)/ChatApp.app/ChatApp";
			};
			name = Release;
		};
		5636522024827E590085E66D /* Debug */ = {
			isa = XCBuildConfiguration;
			buildSettings = {
				CODE_SIGN_STYLE = Automatic;
				INFOPLIST_FILE = ChatAppUITests/Info.plist;
				LD_RUNPATH_SEARCH_PATHS = (
					"$(inherited)",
					"@executable_path/Frameworks",
					"@loader_path/Frameworks",
				);
				PRODUCT_BUNDLE_IDENTIFIER = com.firstapp.ChatAppUITests;
				PRODUCT_NAME = "$(TARGET_NAME)";
				TARGETED_DEVICE_FAMILY = "1,2";
				TEST_TARGET_NAME = ChatApp;
			};
			name = Debug;
		};
		5636522124827E590085E66D /* Release */ = {
			isa = XCBuildConfiguration;
			buildSettings = {
				CODE_SIGN_STYLE = Automatic;
				INFOPLIST_FILE = ChatAppUITests/Info.plist;
				LD_RUNPATH_SEARCH_PATHS = (
					"$(inherited)",
					"@executable_path/Frameworks",
					"@loader_path/Frameworks",
				);
				PRODUCT_BUNDLE_IDENTIFIER = com.firstapp.ChatAppUITests;
				PRODUCT_NAME = "$(TARGET_NAME)";
				TARGETED_DEVICE_FAMILY = "1,2";
				TEST_TARGET_NAME = ChatApp;
			};
			name = Release;
		};
/* End XCBuildConfiguration section */

/* Begin XCConfigurationList section */
		563651E524827E570085E66D /* Build configuration list for PBXProject "ChatApp" */ = {
			isa = XCConfigurationList;
			buildConfigurations = (
				5636521724827E590085E66D /* Debug */,
				5636521824827E590085E66D /* Release */,
			);
			defaultConfigurationIsVisible = 0;
			defaultConfigurationName = Release;
		};
		5636521924827E590085E66D /* Build configuration list for PBXNativeTarget "ChatApp" */ = {
			isa = XCConfigurationList;
			buildConfigurations = (
				5636521A24827E590085E66D /* Debug */,
				5636521B24827E590085E66D /* Release */,
			);
			defaultConfigurationIsVisible = 0;
			defaultConfigurationName = Release;
		};
		5636521C24827E590085E66D /* Build configuration list for PBXNativeTarget "ChatAppTests" */ = {
			isa = XCConfigurationList;
			buildConfigurations = (
				5636521D24827E590085E66D /* Debug */,
				5636521E24827E590085E66D /* Release */,
			);
			defaultConfigurationIsVisible = 0;
			defaultConfigurationName = Release;
		};
		5636521F24827E590085E66D /* Build configuration list for PBXNativeTarget "ChatAppUITests" */ = {
			isa = XCConfigurationList;
			buildConfigurations = (
				5636522024827E590085E66D /* Debug */,
				5636522124827E590085E66D /* Release */,
			);
			defaultConfigurationIsVisible = 0;
			defaultConfigurationName = Release;
		};
/* End XCConfigurationList section */
	};
	rootObject = 563651E224827E570085E66D /* Project object */;
}
